{
  "name": "Ceptor-Tech",
  "lockfileVersion": 3,
  "requires": true,
  "packages": {
    "": {
      "dependencies": {
        "@hotjar/browser": "^1.0.9",
        "react-hotjar": "^6.2.0"
      }
    },
    "node_modules/@hotjar/browser": {
      "version": "1.0.9",
      "resolved": "https://registry.npmjs.org/@hotjar/browser/-/browser-1.0.9.tgz",
      "integrity": "sha512-n9akDMod8BLGpYEQCrHwlYWWd63c1HlhUSXNIDfClZtKYXbUjIUOFlNZNNcUxgHTCsi4l2i+SWKsGsO0t93S8w=="
    },
    "node_modules/react-hotjar": {
      "version": "6.2.0",
      "resolved": "https://registry.npmjs.org/react-hotjar/-/react-hotjar-6.2.0.tgz",
      "integrity": "sha512-uMX2IS5IKt1VkhHPwl2QEAEUmmm6VyxfzlwHLUKTQGZoE/0HWD71iGA7T31PO3KeN9+XUsTJS2P3zHva6TyhrQ=="
    }
  }
}
